
Microsoft Visual Studio Solution File, Format Version 12.00
# Visual Studio 15
VisualStudioVersion = 15.0.28307.902
MinimumVisualStudioVersion = 10.0.40219.1
Project("{FAE04EC0-301F-11D3-BF4B-00C04F79EFBC}") = "hesssaaaappp maakinası 2", "hesssaaaappp maakinası 2\hesssaaaappp maakinası 2.csproj", "{FD4E1FE8-80AF-4DA8-AC28-A7D985F89057}"
EndProject
Global
	GlobalSection(SolutionConfigurationPlatforms) = preSolution
		Debug|Any CPU = Debug|Any CPU
		Release|Any CPU = Release|Any CPU
	EndGlobalSection
	GlobalSection(ProjectConfigurationPlatforms) = postSolution
		{FD4E1FE8-80AF-4DA8-AC28-A7D985F89057}.Debug|Any CPU.ActiveCfg = Debug|Any CPU
		{FD4E1FE8-80AF-4DA8-AC28-A7D985F89057}.Debug|Any CPU.Build.0 = Debug|Any CPU
		{FD4E1FE8-80AF-4DA8-AC28-A7D985F89057}.Release|Any CPU.ActiveCfg = Release|Any CPU
		{FD4E1FE8-80AF-4DA8-AC28-A7D985F89057}.Release|Any CPU.Build.0 = Release|Any CPU
	EndGlobalSection
	GlobalSection(SolutionProperties) = preSolution
		HideSolutionNode = FALSE
	EndGlobalSection
	GlobalSection(ExtensibilityGlobals) = postSolution
		SolutionGuid = {E320ABF8-D703-4976-8605-27C17C584992}
	EndGlobalSection
EndGlobal
